
Microsoft Visual Studio Solution File, Format Version 12.00
Project("{FAE04EC0-301F-11D3-BF4B-00C04F79EFBC}") = "wpfTimeDetectTrainer", "wpfTimeDetectTrainer\wpfTimeDetectTrainer.csproj", "{91A7FEEB-04C9-477B-9818-F2C81BCE158B}"
EndProject
Global
	GlobalSection(SolutionConfigurationPlatforms) = preSolution
		Debug|Any CPU = Debug|Any CPU
		Release|Any CPU = Release|Any CPU
	EndGlobalSection
	GlobalSection(ProjectConfigurationPlatforms) = postSolution
		{91A7FEEB-04C9-477B-9818-F2C81BCE158B}.Debug|Any CPU.ActiveCfg = Debug|Any CPU
		{91A7FEEB-04C9-477B-9818-F2C81BCE158B}.Debug|Any CPU.Build.0 = Debug|Any CPU
		{91A7FEEB-04C9-477B-9818-F2C81BCE158B}.Release|Any CPU.ActiveCfg = Release|Any CPU
		{91A7FEEB-04C9-477B-9818-F2C81BCE158B}.Release|Any CPU.Build.0 = Release|Any CPU
	EndGlobalSection
EndGlobal
